
Microsoft Visual Studio Solution File, Format Version 12.00
# Visual Studio Version 17
VisualStudioVersion = 17.3.32804.467
MinimumVisualStudioVersion = 10.0.40219.1
Project("{FAE04EC0-301F-11D3-BF4B-00C04F79EFBC}") = "ElloNote", "ElloNote\ElloNote.csproj", "{AAF0D953-8438-430D-8A83-83BE116BC743}"
EndProject
Global
	GlobalSection(SolutionConfigurationPlatforms) = preSolution
		Debug|Any CPU = Debug|Any CPU
		Release|Any CPU = Release|Any CPU
	EndGlobalSection
	GlobalSection(ProjectConfigurationPlatforms) = postSolution
		{AAF0D953-8438-430D-8A83-83BE116BC743}.Debug|Any CPU.ActiveCfg = Debug|Any CPU
		{AAF0D953-8438-430D-8A83-83BE116BC743}.Debug|Any CPU.Build.0 = Debug|Any CPU
		{AAF0D953-8438-430D-8A83-83BE116BC743}.Release|Any CPU.ActiveCfg = Release|Any CPU
		{AAF0D953-8438-430D-8A83-83BE116BC743}.Release|Any CPU.Build.0 = Release|Any CPU
	EndGlobalSection
	GlobalSection(SolutionProperties) = preSolution
		HideSolutionNode = FALSE
	EndGlobalSection
	GlobalSection(ExtensibilityGlobals) = postSolution
		SolutionGuid = {37398197-9FAD-49EA-A670-70AE352CBB12}
	EndGlobalSection
EndGlobal
